
Microsoft Visual Studio Solution File, Format Version 12.00
# Visual Studio 14
VisualStudioVersion = 14.0.25420.1
MinimumVisualStudioVersion = 10.0.40219.1
Project("{FAE04EC0-301F-11D3-BF4B-00C04F79EFBC}") = "Rutheneum", "Rutheneum\Rutheneum.csproj", "{00C82EB4-0955-42F3-B8B5-57E5E21AB9D0}"
EndProject
Project("{FAE04EC0-301F-11D3-BF4B-00C04F79EFBC}") = "Rutheneum.Test", "Rutheneum.Test\Rutheneum.Test.csproj", "{55C4FDC1-C1A7-4C2B-B77A-52B970CC69EB}"
EndProject
Global
	GlobalSection(SolutionConfigurationPlatforms) = preSolution
		Debug|Any CPU = Debug|Any CPU
		Release|Any CPU = Release|Any CPU
	EndGlobalSection
	GlobalSection(ProjectConfigurationPlatforms) = postSolution
		{00C82EB4-0955-42F3-B8B5-57E5E21AB9D0}.Debug|Any CPU.ActiveCfg = Debug|Any CPU
		{00C82EB4-0955-42F3-B8B5-57E5E21AB9D0}.Debug|Any CPU.Build.0 = Debug|Any CPU
		{00C82EB4-0955-42F3-B8B5-57E5E21AB9D0}.Release|Any CPU.ActiveCfg = Release|Any CPU
		{00C82EB4-0955-42F3-B8B5-57E5E21AB9D0}.Release|Any CPU.Build.0 = Release|Any CPU
		{55C4FDC1-C1A7-4C2B-B77A-52B970CC69EB}.Debug|Any CPU.ActiveCfg = Debug|Any CPU
		{55C4FDC1-C1A7-4C2B-B77A-52B970CC69EB}.Debug|Any CPU.Build.0 = Debug|Any CPU
		{55C4FDC1-C1A7-4C2B-B77A-52B970CC69EB}.Release|Any CPU.ActiveCfg = Release|Any CPU
		{55C4FDC1-C1A7-4C2B-B77A-52B970CC69EB}.Release|Any CPU.Build.0 = Release|Any CPU
	EndGlobalSection
	GlobalSection(SolutionProperties) = preSolution
		HideSolutionNode = FALSE
	EndGlobalSection
EndGlobal
